PODS:
  - Alamofire (5.4.1)
  - IQKeyboardManagerSwift (6.5.6)
  - SwipeCellKit (2.7.1)

DEPENDENCIES:
  - Alamofire
  - IQKeyboardManagerSwift
  - SwipeCellKit

SPEC REPOS:
  trunk:
    - Alamofire
    - IQKeyboardManagerSwift
    - SwipeCellKit

SPEC CHECKSUMS:
  Alamofire: 2291f7d21ca607c491dd17642e5d40fdcda0e65c
  IQKeyboardManagerSwift: c7df9d2deb356c04522f5c4b7b6e4ce4d8ed94fe
  SwipeCellKit: 3972254a826da74609926daf59b08d6c72e619ea

PODFILE CHECKSUM: 9c398bb0d9d7dafacd55cae0e3719543d0501ab6

COCOAPODS: 1.10.1
