// !$*UTF8*$!
{
	archiveVersion = 1;
	classes = {
	};
	objectVersion = 51;
	objects = {

/* Begin PBXBuildFile section */
		4F7650FE5EBC1C0B37260C53 /* Pods_BalinkApp.framework in Frameworks */ = {isa = PBXBuildFile; fileRef = 8517E2EFC052F29F31057AF5 /* Pods_BalinkApp.framework */; };
		D608F31625C1311900CD1C95 /* UserModel.swift in Sources */ = {isa = PBXBuildFile; fileRef = D608F31525C1311900CD1C95 /* UserModel.swift */; };
		D608F31A25C1313700CD1C95 /* UserCell.swift in Sources */ = {isa = PBXBuildFile; fileRef = D608F31825C1313700CD1C95 /* UserCell.swift */; };
		D608F31B25C1313700CD1C95 /* UserCell.xib in Resources */ = {isa = PBXBuildFile; fileRef = D608F31925C1313700CD1C95 /* UserCell.xib */; };
		D608F31F25C1331A00CD1C95 /* Constants.swift in Sources */ = {isa = PBXBuildFile; fileRef = D608F31E25C1331A00CD1C95 /* Constants.swift */; };
		D608F32225C140B400CD1C95 /* CoreDataManager.swift in Sources */ = {isa = PBXBuildFile; fileRef = D608F32125C140B400CD1C95 /* CoreDataManager.swift */; };
		D608F32625C1491B00CD1C95 /* ConnectionManager.swift in Sources */ = {isa = PBXBuildFile; fileRef = D608F32525C1491B00CD1C95 /* ConnectionManager.swift */; };
		D608F32925C1638500CD1C95 /* UserListPageViewController.swift in Sources */ = {isa = PBXBuildFile; fileRef = D608F32825C1638500CD1C95 /* UserListPageViewController.swift */; };
		D608F32C25C16EC500CD1C95 /* TableController.swift in Sources */ = {isa = PBXBuildFile; fileRef = D608F32B25C16EC500CD1C95 /* TableController.swift */; };
		D608F33025C17C8A00CD1C95 /* ImagViewExtension.swift in Sources */ = {isa = PBXBuildFile; fileRef = D608F32F25C17C8A00CD1C95 /* ImagViewExtension.swift */; };
		D608F33325C185A100CD1C95 /* UserEditPageViewController.swift in Sources */ = {isa = PBXBuildFile; fileRef = D608F33225C185A100CD1C95 /* UserEditPageViewController.swift */; };
		D6124BDB25C12D3100C670C3 /* AppDelegate.swift in Sources */ = {isa = PBXBuildFile; fileRef = D6124BDA25C12D3100C670C3 /* AppDelegate.swift */; };
		D6124BDD25C12D3100C670C3 /* SceneDelegate.swift in Sources */ = {isa = PBXBuildFile; fileRef = D6124BDC25C12D3100C670C3 /* SceneDelegate.swift */; };
		D6124BDF25C12D3100C670C3 /* ViewController.swift in Sources */ = {isa = PBXBuildFile; fileRef = D6124BDE25C12D3100C670C3 /* ViewController.swift */; };
		D6124BE225C12D3100C670C3 /* Main.storyboard in Resources */ = {isa = PBXBuildFile; fileRef = D6124BE025C12D3100C670C3 /* Main.storyboard */; };
		D6124BE525C12D3100C670C3 /* BalinkApp.xcdatamodeld in Sources */ = {isa = PBXBuildFile; fileRef = D6124BE325C12D3100C670C3 /* BalinkApp.xcdatamodeld */; };
		D6124BE725C12D3200C670C3 /* Assets.xcassets in Resources */ = {isa = PBXBuildFile; fileRef = D6124BE625C12D3200C670C3 /* Assets.xcassets */; };
		D6124BEA25C12D3200C670C3 /* LaunchScreen.storyboard in Resources */ = {isa = PBXBuildFile; fileRef = D6124BE825C12D3200C670C3 /* LaunchScreen.storyboard */; };
		D69088DC25C853120089D663 /* Alerts.storyboard in Resources */ = {isa = PBXBuildFile; fileRef = D69088DB25C853120089D663 /* Alerts.storyboard */; };
		D69088DF25C857920089D663 /* PopupAlertController.swift in Sources */ = {isa = PBXBuildFile; fileRef = D69088DE25C857920089D663 /* PopupAlertController.swift */; };
		D69088E325C85D3A0089D663 /* AlertButton.swift in Sources */ = {isa = PBXBuildFile; fileRef = D69088E225C85D3A0089D663 /* AlertButton.swift */; };
		D69088E625C85E530089D663 /* AlertPayload.swift in Sources */ = {isa = PBXBuildFile; fileRef = D69088E525C85E530089D663 /* AlertPayload.swift */; };
		D69088EA25C869440089D663 /* AlertPopupUtils.swift in Sources */ = {isa = PBXBuildFile; fileRef = D69088E925C869440089D663 /* AlertPopupUtils.swift */; };
		D6CA3CBC25C91FA1008758DC /* Message.swift in Sources */ = {isa = PBXBuildFile; fileRef = D6CA3CBB25C91FA1008758DC /* Message.swift */; };
		D6CA3CC425C933F2008758DC /* AlertManager.swift in Sources */ = {isa = PBXBuildFile; fileRef = D6CA3CC325C933F2008758DC /* AlertManager.swift */; };
		D6EB8BCE25C31C9200542194 /* PopupManager.swift in Sources */ = {isa = PBXBuildFile; fileRef = D6EB8BCD25C31C9200542194 /* PopupManager.swift */; };
		D6EB8BD125C31CAF00542194 /* BasePopup.swift in Sources */ = {isa = PBXBuildFile; fileRef = D6EB8BD025C31CAF00542194 /* BasePopup.swift */; };
		D6EB8BD625C31DD100542194 /* CustomPopup.xib in Resources */ = {isa = PBXBuildFile; fileRef = D6EB8BD525C31DD100542194 /* CustomPopup.xib */; };
		D6EB8BD925C31DDD00542194 /* CustomPopup.swift in Sources */ = {isa = PBXBuildFile; fileRef = D6EB8BD825C31DDD00542194 /* CustomPopup.swift */; };
/* End PBXBuildFile section */

/* Begin PBXFileReference section */
		1B3847E246BEAA5CCABE88FA /* Pods-BalinkApp.debug.xcconfig */ = {isa = PBXFileReference; includeInIndex = 1; lastKnownFileType = text.xcconfig; name = "Pods-BalinkApp.debug.xcconfig"; path = "Target Support Files/Pods-BalinkApp/Pods-BalinkApp.debug.xcconfig"; sourceTree = "<group>"; };
		77BFF7DF12315883A7FB21D0 /* Pods-BalinkApp.release.xcconfig */ = {isa = PBXFileReference; includeInIndex = 1; lastKnownFileType = text.xcconfig; name = "Pods-BalinkApp.release.xcconfig"; path = "Target Support Files/Pods-BalinkApp/Pods-BalinkApp.release.xcconfig"; sourceTree = "<group>"; };
		8517E2EFC052F29F31057AF5 /* Pods_BalinkApp.framework */ = {isa = PBXFileReference; explicitFileType = wrapper.framework; includeInIndex = 0; path = Pods_BalinkApp.framework; sourceTree = BUILT_PRODUCTS_DIR; };
		D608F31525C1311900CD1C95 /* UserModel.swift */ = {isa = PBXFileReference; lastKnownFileType = sourcecode.swift; path = UserModel.swift; sourceTree = "<group>"; };
		D608F31825C1313700CD1C95 /* UserCell.swift */ = {isa = PBXFileReference; lastKnownFileType = sourcecode.swift; path = UserCell.swift; sourceTree = "<group>"; };
		D608F31925C1313700CD1C95 /* UserCell.xib */ = {isa = PBXFileReference; lastKnownFileType = file.xib; path = UserCell.xib; sourceTree = "<group>"; };
		D608F31E25C1331A00CD1C95 /* Constants.swift */ = {isa = PBXFileReference; lastKnownFileType = sourcecode.swift; path = Constants.swift; sourceTree = "<group>"; };
		D608F32125C140B400CD1C95 /* CoreDataManager.swift */ = {isa = PBXFileReference; lastKnownFileType = sourcecode.swift; path = CoreDataManager.swift; sourceTree = "<group>"; };
		D608F32525C1491B00CD1C95 /* ConnectionManager.swift */ = {isa = PBXFileReference; lastKnownFileType = sourcecode.swift; path = ConnectionManager.swift; sourceTree = "<group>"; };
		D608F32825C1638500CD1C95 /* UserListPageViewController.swift */ = {isa = PBXFileReference; lastKnownFileType = sourcecode.swift; path = UserListPageViewController.swift; sourceTree = "<group>"; };
		D608F32B25C16EC500CD1C95 /* TableController.swift */ = {isa = PBXFileReference; lastKnownFileType = sourcecode.swift; path = TableController.swift; sourceTree = "<group>"; };
		D608F32F25C17C8A00CD1C95 /* ImagViewExtension.swift */ = {isa = PBXFileReference; lastKnownFileType = sourcecode.swift; path = ImagViewExtension.swift; sourceTree = "<group>"; };
		D608F33225C185A100CD1C95 /* UserEditPageViewController.swift */ = {isa = PBXFileReference; lastKnownFileType = sourcecode.swift; path = UserEditPageViewController.swift; sourceTree = "<group>"; };
		D6124BD725C12D3100C670C3 /* BalinkApp.app */ = {isa = PBXFileReference; explicitFileType = wrapper.application; includeInIndex = 0; path = BalinkApp.app; sourceTree = BUILT_PRODUCTS_DIR; };
		D6124BDA25C12D3100C670C3 /* AppDelegate.swift */ = {isa = PBXFileReference; lastKnownFileType = sourcecode.swift; path = AppDelegate.swift; sourceTree = "<group>"; };
		D6124BDC25C12D3100C670C3 /* SceneDelegate.swift */ = {isa = PBXFileReference; lastKnownFileType = sourcecode.swift; path = SceneDelegate.swift; sourceTree = "<group>"; };
		D6124BDE25C12D3100C670C3 /* ViewController.swift */ = {isa = PBXFileReference; lastKnownFileType = sourcecode.swift; path = ViewController.swift; sourceTree = "<group>"; };
		D6124BE125C12D3100C670C3 /* Base */ = {isa = PBXFileReference; lastKnownFileType = file.storyboard; name = Base; path = Base.lproj/Main.storyboard; sourceTree = "<group>"; };
		D6124BE425C12D3100C670C3 /* BalinkApp.xcdatamodel */ = {isa = PBXFileReference; lastKnownFileType = wrapper.xcdatamodel; path = BalinkApp.xcdatamodel; sourceTree = "<group>"; };
		D6124BE625C12D3200C670C3 /* Assets.xcassets */ = {isa = PBXFileReference; lastKnownFileType = folder.assetcatalog; path = Assets.xcassets; sourceTree = "<group>"; };
		D6124BE925C12D3200C670C3 /* Base */ = {isa = PBXFileReference; lastKnownFileType = file.storyboard; name = Base; path = Base.lproj/LaunchScreen.storyboard; sourceTree = "<group>"; };
		D6124BEB25C12D3200C670C3 /* Info.plist */ = {isa = PBXFileReference; lastKnownFileType = text.plist.xml; path = Info.plist; sourceTree = "<group>"; };
		D69088DB25C853120089D663 /* Alerts.storyboard */ = {isa = PBXFileReference; lastKnownFileType = file.storyboard; path = Alerts.storyboard; sourceTree = "<group>"; };
		D69088DE25C857920089D663 /* PopupAlertController.swift */ = {isa = PBXFileReference; lastKnownFileType = sourcecode.swift; path = PopupAlertController.swift; sourceTree = "<group>"; };
		D69088E225C85D3A0089D663 /* AlertButton.swift */ = {isa = PBXFileReference; lastKnownFileType = sourcecode.swift; path = AlertButton.swift; sourceTree = "<group>"; };
		D69088E525C85E530089D663 /* AlertPayload.swift */ = {isa = PBXFileReference; lastKnownFileType = sourcecode.swift; path = AlertPayload.swift; sourceTree = "<group>"; };
		D69088E925C869440089D663 /* AlertPopupUtils.swift */ = {isa = PBXFileReference; lastKnownFileType = sourcecode.swift; path = AlertPopupUtils.swift; sourceTree = "<group>"; };
		D6CA3CBB25C91FA1008758DC /* Message.swift */ = {isa = PBXFileReference; lastKnownFileType = sourcecode.swift; path = Message.swift; sourceTree = "<group>"; };
		D6CA3CC325C933F2008758DC /* AlertManager.swift */ = {isa = PBXFileReference; lastKnownFileType = sourcecode.swift; path = AlertManager.swift; sourceTree = "<group>"; };
		D6EB8BCD25C31C9200542194 /* PopupManager.swift */ = {isa = PBXFileReference; fileEncoding = 4; lastKnownFileType = sourcecode.swift; path = PopupManager.swift; sourceTree = "<group>"; };
		D6EB8BD025C31CAF00542194 /* BasePopup.swift */ = {isa = PBXFileReference; fileEncoding = 4; lastKnownFileType = sourcecode.swift; path = BasePopup.swift; sourceTree = "<group>"; };
		D6EB8BD525C31DD100542194 /* CustomPopup.xib */ = {isa = PBXFileReference; fileEncoding = 4; lastKnownFileType = file.xib; path = CustomPopup.xib; sourceTree = "<group>"; };
		D6EB8BD825C31DDD00542194 /* CustomPopup.swift */ = {isa = PBXFileReference; fileEncoding = 4; lastKnownFileType = sourcecode.swift; path = CustomPopup.swift; sourceTree = "<group>"; };
/* End PBXFileReference section */

/* Begin PBXFrameworksBuildPhase section */
		D6124BD425C12D3100C670C3 /* Frameworks */ = {
			isa = PBXFrameworksBuildPhase;
			buildActionMask = 2147483647;
			files = (
				4F7650FE5EBC1C0B37260C53 /* Pods_BalinkApp.framework in Frameworks */,
			);
			runOnlyForDeploymentPostprocessing = 0;
		};
/* End PBXFrameworksBuildPhase section */

/* Begin PBXGroup section */
		36520D88AED7222B2A3CE8C3 /* Frameworks */ = {
			isa = PBXGroup;
			children = (
				8517E2EFC052F29F31057AF5 /* Pods_BalinkApp.framework */,
			);
			name = Frameworks;
			sourceTree = "<group>";
		};
		36892D2671D5E07240872921 /* Pods */ = {
			isa = PBXGroup;
			children = (
				1B3847E246BEAA5CCABE88FA /* Pods-BalinkApp.debug.xcconfig */,
				77BFF7DF12315883A7FB21D0 /* Pods-BalinkApp.release.xcconfig */,
			);
			path = Pods;
			sourceTree = "<group>";
		};
		D608F31D25C132D800CD1C95 /* Supporting Files */ = {
			isa = PBXGroup;
			children = (
				D608F32E25C17C6300CD1C95 /* Extensions */,
				D6124BE625C12D3200C670C3 /* Assets.xcassets */,
				D6124BE825C12D3200C670C3 /* LaunchScreen.storyboard */,
				D608F31E25C1331A00CD1C95 /* Constants.swift */,
			);
			path = "Supporting Files";
			sourceTree = "<group>";
		};
		D608F32E25C17C6300CD1C95 /* Extensions */ = {
			isa = PBXGroup;
			children = (
				D608F32F25C17C8A00CD1C95 /* ImagViewExtension.swift */,
			);
			path = Extensions;
			sourceTree = "<group>";
		};
		D6124BCE25C12D3100C670C3 = {
			isa = PBXGroup;
			children = (
				D6124BD925C12D3100C670C3 /* BalinkApp */,
				D6124BD825C12D3100C670C3 /* Products */,
				36892D2671D5E07240872921 /* Pods */,
				36520D88AED7222B2A3CE8C3 /* Frameworks */,
			);
			sourceTree = "<group>";
		};
		D6124BD825C12D3100C670C3 /* Products */ = {
			isa = PBXGroup;
			children = (
				D6124BD725C12D3100C670C3 /* BalinkApp.app */,
			);
			name = Products;
			sourceTree = "<group>";
		};
		D6124BD925C12D3100C670C3 /* BalinkApp */ = {
			isa = PBXGroup;
			children = (
				D6124BDA25C12D3100C670C3 /* AppDelegate.swift */,
				D6124BDC25C12D3100C670C3 /* SceneDelegate.swift */,
				D6124BF525C12DFC00C670C3 /* WebService */,
				D6124BF425C12D5000C670C3 /* Model */,
				D6124BF325C12D4B00C670C3 /* View */,
				D6124BF225C12D4600C670C3 /* Controller */,
				D608F31D25C132D800CD1C95 /* Supporting Files */,
				D6124BEB25C12D3200C670C3 /* Info.plist */,
			);
			path = BalinkApp;
			sourceTree = "<group>";
		};
		D6124BF225C12D4600C670C3 /* Controller */ = {
			isa = PBXGroup;
			children = (
				D6124BDE25C12D3100C670C3 /* ViewController.swift */,
				D608F32825C1638500CD1C95 /* UserListPageViewController.swift */,
				D608F32B25C16EC500CD1C95 /* TableController.swift */,
				D608F33225C185A100CD1C95 /* UserEditPageViewController.swift */,
				D69088DE25C857920089D663 /* PopupAlertController.swift */,
			);
			path = Controller;
			sourceTree = "<group>";
		};
		D6124BF325C12D4B00C670C3 /* View */ = {
			isa = PBXGroup;
			children = (
				D6124BE025C12D3100C670C3 /* Main.storyboard */,
				D608F31825C1313700CD1C95 /* UserCell.swift */,
				D608F31925C1313700CD1C95 /* UserCell.xib */,
				D6EB8BCD25C31C9200542194 /* PopupManager.swift */,
				D6EB8BD025C31CAF00542194 /* BasePopup.swift */,
				D6EB8BD825C31DDD00542194 /* CustomPopup.swift */,
				D6EB8BD525C31DD100542194 /* CustomPopup.xib */,
				D69088DA25C8529A0089D663 /* Popup Alert */,
			);
			path = View;
			sourceTree = "<group>";
		};
		D6124BF425C12D5000C670C3 /* Model */ = {
			isa = PBXGroup;
			children = (
				D6124BE325C12D3100C670C3 /* BalinkApp.xcdatamodeld */,
				D608F32125C140B400CD1C95 /* CoreDataManager.swift */,
				D608F31525C1311900CD1C95 /* UserModel.swift */,
				D6CA3CBB25C91FA1008758DC /* Message.swift */,
			);
			path = Model;
			sourceTree = "<group>";
		};
		D6124BF525C12DFC00C670C3 /* WebService */ = {
			isa = PBXGroup;
			children = (
				D608F32525C1491B00CD1C95 /* ConnectionManager.swift */,
			);
			path = WebService;
			sourceTree = "<group>";
		};
		D69088DA25C8529A0089D663 /* Popup Alert */ = {
			isa = PBXGroup;
			children = (
				D69088DB25C853120089D663 /* Alerts.storyboard */,
				D69088E225C85D3A0089D663 /* AlertButton.swift */,
				D69088E525C85E530089D663 /* AlertPayload.swift */,
				D69088E925C869440089D663 /* AlertPopupUtils.swift */,
				D6CA3CC325C933F2008758DC /* AlertManager.swift */,
			);
			path = "Popup Alert";
			sourceTree = "<group>";
		};
/* End PBXGroup section */

/* Begin PBXNativeTarget section */
		D6124BD625C12D3100C670C3 /* BalinkApp */ = {
			isa = PBXNativeTarget;
			buildConfigurationList = D6124BEE25C12D3200C670C3 /* Build configuration list for PBXNativeTarget "BalinkApp" */;
			buildPhases = (
				15B8D3E9562554161EA140A3 /* [CP] Check Pods Manifest.lock */,
				D6124BD325C12D3100C670C3 /* Sources */,
				D6124BD425C12D3100C670C3 /* Frameworks */,
				D6124BD525C12D3100C670C3 /* Resources */,
				5E50B4FD2CDF27E0DB1750C7 /* [CP] Embed Pods Frameworks */,
			);
			buildRules = (
			);
			dependencies = (
			);
			name = BalinkApp;
			productName = BalinkApp;
			productReference = D6124BD725C12D3100C670C3 /* BalinkApp.app */;
			productType = "com.apple.product-type.application";
		};
/* End PBXNativeTarget section */

/* Begin PBXProject section */
		D6124BCF25C12D3100C670C3 /* Project object */ = {
			isa = PBXProject;
			attributes = {
				LastSwiftUpdateCheck = 1230;
				LastUpgradeCheck = 1230;
				TargetAttributes = {
					D6124BD625C12D3100C670C3 = {
						CreatedOnToolsVersion = 12.3;
					};
				};
			};
			buildConfigurationList = D6124BD225C12D3100C670C3 /* Build configuration list for PBXProject "BalinkApp" */;
			compatibilityVersion = "Xcode 9.3";
			developmentRegion = en;
			hasScannedForEncodings = 0;
			knownRegions = (
				en,
				Base,
			);
			mainGroup = D6124BCE25C12D3100C670C3;
			productRefGroup = D6124BD825C12D3100C670C3 /* Products */;
			projectDirPath = "";
			projectRoot = "";
			targets = (
				D6124BD625C12D3100C670C3 /* BalinkApp */,
			);
		};
/* End PBXProject section */

/* Begin PBXResourcesBuildPhase section */
		D6124BD525C12D3100C670C3 /* Resources */ = {
			isa = PBXResourcesBuildPhase;
			buildActionMask = 2147483647;
			files = (
				D6EB8BD625C31DD100542194 /* CustomPopup.xib in Resources */,
				D608F31B25C1313700CD1C95 /* UserCell.xib in Resources */,
				D6124BEA25C12D3200C670C3 /* LaunchScreen.storyboard in Resources */,
				D6124BE725C12D3200C670C3 /* Assets.xcassets in Resources */,
				D6124BE225C12D3100C670C3 /* Main.storyboard in Resources */,
				D69088DC25C853120089D663 /* Alerts.storyboard in Resources */,
			);
			runOnlyForDeploymentPostprocessing = 0;
		};
/* End PBXResourcesBuildPhase section */

/* Begin PBXShellScriptBuildPhase section */
		15B8D3E9562554161EA140A3 /* [CP] Check Pods Manifest.lock */ = {
			isa = PBXShellScriptBuildPhase;
			buildActionMask = 2147483647;
			files = (
			);
			inputFileListPaths = (
			);
			inputPaths = (
				"${PODS_PODFILE_DIR_PATH}/Podfile.lock",
				"${PODS_ROOT}/Manifest.lock",
			);
			name = "[CP] Check Pods Manifest.lock";
			outputFileListPaths = (
			);
			outputPaths = (
				"$(DERIVED_FILE_DIR)/Pods-BalinkApp-checkManifestLockResult.txt",
			);
			runOnlyForDeploymentPostprocessing = 0;
			shellPath = /bin/sh;
			shellScript = "diff \"${PODS_PODFILE_DIR_PATH}/Podfile.lock\" \"${PODS_ROOT}/Manifest.lock\" > /dev/null\nif [ $? != 0 ] ; then\n    # print error to STDERR\n    echo \"error: The sandbox is not in sync with the Podfile.lock. Run 'pod install' or update your CocoaPods installation.\" >&2\n    exit 1\nfi\n# This output is used by Xcode 'outputs' to avoid re-running this script phase.\necho \"SUCCESS\" > \"${SCRIPT_OUTPUT_FILE_0}\"\n";
			showEnvVarsInLog = 0;
		};
		5E50B4FD2CDF27E0DB1750C7 /* [CP] Embed Pods Frameworks */ = {
			isa = PBXShellScriptBuildPhase;
			buildActionMask = 2147483647;
			files = (
			);
			inputFileListPaths = (
				"${PODS_ROOT}/Target Support Files/Pods-BalinkApp/Pods-BalinkApp-frameworks-${CONFIGURATION}-input-files.xcfilelist",
			);
			name = "[CP] Embed Pods Frameworks";
			outputFileListPaths = (
				"${PODS_ROOT}/Target Support Files/Pods-BalinkApp/Pods-BalinkApp-frameworks-${CONFIGURATION}-output-files.xcfilelist",
			);
			runOnlyForDeploymentPostprocessing = 0;
			shellPath = /bin/sh;
			shellScript = "\"${PODS_ROOT}/Target Support Files/Pods-BalinkApp/Pods-BalinkApp-frameworks.sh\"\n";
			showEnvVarsInLog = 0;
		};
/* End PBXShellScriptBuildPhase section */

/* Begin PBXSourcesBuildPhase section */
		D6124BD325C12D3100C670C3 /* Sources */ = {
			isa = PBXSourcesBuildPhase;
			buildActionMask = 2147483647;
			files = (
				D6124BE525C12D3100C670C3 /* BalinkApp.xcdatamodeld in Sources */,
				D6CA3CBC25C91FA1008758DC /* Message.swift in Sources */,
				D6124BDF25C12D3100C670C3 /* ViewController.swift in Sources */,
				D608F32C25C16EC500CD1C95 /* TableController.swift in Sources */,
				D608F31A25C1313700CD1C95 /* UserCell.swift in Sources */,
				D6124BDB25C12D3100C670C3 /* AppDelegate.swift in Sources */,
				D608F32925C1638500CD1C95 /* UserListPageViewController.swift in Sources */,
				D608F32625C1491B00CD1C95 /* ConnectionManager.swift in Sources */,
				D608F31F25C1331A00CD1C95 /* Constants.swift in Sources */,
				D69088E325C85D3A0089D663 /* AlertButton.swift in Sources */,
				D6EB8BD125C31CAF00542194 /* BasePopup.swift in Sources */,
				D69088E625C85E530089D663 /* AlertPayload.swift in Sources */,
				D6CA3CC425C933F2008758DC /* AlertManager.swift in Sources */,
				D6EB8BCE25C31C9200542194 /* PopupManager.swift in Sources */,
				D608F33325C185A100CD1C95 /* UserEditPageViewController.swift in Sources */,
				D6EB8BD925C31DDD00542194 /* CustomPopup.swift in Sources */,
				D608F33025C17C8A00CD1C95 /* ImagViewExtension.swift in Sources */,
				D69088EA25C869440089D663 /* AlertPopupUtils.swift in Sources */,
				D608F31625C1311900CD1C95 /* UserModel.swift in Sources */,
				D608F32225C140B400CD1C95 /* CoreDataManager.swift in Sources */,
				D69088DF25C857920089D663 /* PopupAlertController.swift in Sources */,
				D6124BDD25C12D3100C670C3 /* SceneDelegate.swift in Sources */,
			);
			runOnlyForDeploymentPostprocessing = 0;
		};
/* End PBXSourcesBuildPhase section */

/* Begin PBXVariantGroup section */
		D6124BE025C12D3100C670C3 /* Main.storyboard */ = {
			isa = PBXVariantGroup;
			children = (
				D6124BE125C12D3100C670C3 /* Base */,
			);
			name = Main.storyboard;
			sourceTree = "<group>";
		};
		D6124BE825C12D3200C670C3 /* LaunchScreen.storyboard */ = {
			isa = PBXVariantGroup;
			children = (
				D6124BE925C12D3200C670C3 /* Base */,
			);
			name = LaunchScreen.storyboard;
			sourceTree = "<group>";
		};
/* End PBXVariantGroup section */

/* Begin XCBuildConfiguration section */
		D6124BEC25C12D3200C670C3 /* Debug */ = {
			isa = XCBuildConfiguration;
			buildSettings = {
				ALWAYS_SEARCH_USER_PATHS = NO;
				CLANG_ANALYZER_NONNULL = YES;
				CLANG_ANALYZER_NUMBER_OBJECT_CONVERSION = YES_AGGRESSIVE;
				CLANG_CXX_LANGUAGE_STANDARD = "gnu++14";
				CLANG_CXX_LIBRARY = "libc++";
				CLANG_ENABLE_MODULES = YES;
				CLANG_ENABLE_OBJC_ARC = YES;
				CLANG_ENABLE_OBJC_WEAK = YES;
				CLANG_WARN_BLOCK_CAPTURE_AUTORELEASING = YES;
				CLANG_WARN_BOOL_CONVERSION = YES;
				CLANG_WARN_COMMA = YES;
				CLANG_WARN_CONSTANT_CONVERSION = YES;
				CLANG_WARN_DEPRECATED_OBJC_IMPLEMENTATIONS = YES;
				CLANG_WARN_DIRECT_OBJC_ISA_USAGE = YES_ERROR;
				CLANG_WARN_DOCUMENTATION_COMMENTS = YES;
				CLANG_WARN_EMPTY_BODY = YES;
				CLANG_WARN_ENUM_CONVERSION = YES;
				CLANG_WARN_INFINITE_RECURSION = YES;
				CLANG_WARN_INT_CONVERSION = YES;
				CLANG_WARN_NON_LITERAL_NULL_CONVERSION = YES;
				CLANG_WARN_OBJC_IMPLICIT_RETAIN_SELF = YES;
				CLANG_WARN_OBJC_LITERAL_CONVERSION = YES;
				CLANG_WARN_OBJC_ROOT_CLASS = YES_ERROR;
				CLANG_WARN_QUOTED_INCLUDE_IN_FRAMEWORK_HEADER = YES;
				CLANG_WARN_RANGE_LOOP_ANALYSIS = YES;
				CLANG_WARN_STRICT_PROTOTYPES = YES;
				CLANG_WARN_SUSPICIOUS_MOVE = YES;
				CLANG_WARN_UNGUARDED_AVAILABILITY = YES_AGGRESSIVE;
				CLANG_WARN_UNREACHABLE_CODE = YES;
				CLANG_WARN__DUPLICATE_METHOD_MATCH = YES;
				COPY_PHASE_STRIP = NO;
				DEBUG_INFORMATION_FORMAT = dwarf;
				ENABLE_STRICT_OBJC_MSGSEND = YES;
				ENABLE_TESTABILITY = YES;
				GCC_C_LANGUAGE_STANDARD = gnu11;
				GCC_DYNAMIC_NO_PIC = NO;
				GCC_NO_COMMON_BLOCKS = YES;
				GCC_OPTIMIZATION_LEVEL = 0;
				GCC_PREPROCESSOR_DEFINITIONS = (
					"DEBUG=1",
					"$(inherited)",
				);
				GCC_WARN_64_TO_32_BIT_CONVERSION = YES;
				GCC_WARN_ABOUT_RETURN_TYPE = YES_ERROR;
				GCC_WARN_UNDECLARED_SELECTOR = YES;
				GCC_WARN_UNINITIALIZED_AUTOS = YES_AGGRESSIVE;
				GCC_WARN_UNUSED_FUNCTION = YES;
				GCC_WARN_UNUSED_VARIABLE = YES;
				IPHONEOS_DEPLOYMENT_TARGET = 14.0;
				MTL_ENABLE_DEBUG_INFO = INCLUDE_SOURCE;
				MTL_FAST_MATH = YES;
				ONLY_ACTIVE_ARCH = YES;
				SDKROOT = iphoneos;
				SWIFT_ACTIVE_COMPILATION_CONDITIONS = DEBUG;
				SWIFT_OPTIMIZATION_LEVEL = "-Onone";
			};
			name = Debug;
		};
		D6124BED25C12D3200C670C3 /* Release */ = {
			isa = XCBuildConfiguration;
			buildSettings = {
				ALWAYS_SEARCH_USER_PATHS = NO;
				CLANG_ANALYZER_NONNULL = YES;
				CLANG_ANALYZER_NUMBER_OBJECT_CONVERSION = YES_AGGRESSIVE;
				CLANG_CXX_LANGUAGE_STANDARD = "gnu++14";
				CLANG_CXX_LIBRARY = "libc++";
				CLANG_ENABLE_MODULES = YES;
				CLANG_ENABLE_OBJC_ARC = YES;
				CLANG_ENABLE_OBJC_WEAK = YES;
				CLANG_WARN_BLOCK_CAPTURE_AUTORELEASING = YES;
				CLANG_WARN_BOOL_CONVERSION = YES;
				CLANG_WARN_COMMA = YES;
				CLANG_WARN_CONSTANT_CONVERSION = YES;
				CLANG_WARN_DEPRECATED_OBJC_IMPLEMENTATIONS = YES;
				CLANG_WARN_DIRECT_OBJC_ISA_USAGE = YES_ERROR;
				CLANG_WARN_DOCUMENTATION_COMMENTS = YES;
				CLANG_WARN_EMPTY_BODY = YES;
				CLANG_WARN_ENUM_CONVERSION = YES;
				CLANG_WARN_INFINITE_RECURSION = YES;
				CLANG_WARN_INT_CONVERSION = YES;
				CLANG_WARN_NON_LITERAL_NULL_CONVERSION = YES;
				CLANG_WARN_OBJC_IMPLICIT_RETAIN_SELF = YES;
				CLANG_WARN_OBJC_LITERAL_CONVERSION = YES;
				CLANG_WARN_OBJC_ROOT_CLASS = YES_ERROR;
				CLANG_WARN_QUOTED_INCLUDE_IN_FRAMEWORK_HEADER = YES;
				CLANG_WARN_RANGE_LOOP_ANALYSIS = YES;
				CLANG_WARN_STRICT_PROTOTYPES = YES;
				CLANG_WARN_SUSPICIOUS_MOVE = YES;
				CLANG_WARN_UNGUARDED_AVAILABILITY = YES_AGGRESSIVE;
				CLANG_WARN_UNREACHABLE_CODE = YES;
				CLANG_WARN__DUPLICATE_METHOD_MATCH = YES;
				COPY_PHASE_STRIP = NO;
				DEBUG_INFORMATION_FORMAT = "dwarf-with-dsym";
				ENABLE_NS_ASSERTIONS = NO;
				ENABLE_STRICT_OBJC_MSGSEND = YES;
				GCC_C_LANGUAGE_STANDARD = gnu11;
				GCC_NO_COMMON_BLOCKS = YES;
				GCC_WARN_64_TO_32_BIT_CONVERSION = YES;
				GCC_WARN_ABOUT_RETURN_TYPE = YES_ERROR;
				GCC_WARN_UNDECLARED_SELECTOR = YES;
				GCC_WARN_UNINITIALIZED_AUTOS = YES_AGGRESSIVE;
				GCC_WARN_UNUSED_FUNCTION = YES;
				GCC_WARN_UNUSED_VARIABLE = YES;
				IPHONEOS_DEPLOYMENT_TARGET = 14.0;
				MTL_ENABLE_DEBUG_INFO = NO;
				MTL_FAST_MATH = YES;
				SDKROOT = iphoneos;
				SWIFT_COMPILATION_MODE = wholemodule;
				SWIFT_OPTIMIZATION_LEVEL = "-O";
				VALIDATE_PRODUCT = YES;
			};
			name = Release;
		};
		D6124BEF25C12D3200C670C3 /* Debug */ = {
			isa = XCBuildConfiguration;
			baseConfigurationReference = 1B3847E246BEAA5CCABE88FA /* Pods-BalinkApp.debug.xcconfig */;
			buildSettings = {
				ASSETCATALOG_COMPILER_APPICON_NAME = AppIcon;
				ASSETCATALOG_COMPILER_GLOBAL_ACCENT_COLOR_NAME = AccentColor;
				CODE_SIGN_STYLE = Automatic;
				DEVELOPMENT_TEAM = 3V5PB2ET49;
				INFOPLIST_FILE = BalinkApp/Info.plist;
				LD_RUNPATH_SEARCH_PATHS = (
					"$(inherited)",
					"@executable_path/Frameworks",
				);
				PRODUCT_BUNDLE_IDENTIFIER = "com.Neria-Jerafi.BalinkApp";
				PRODUCT_NAME = "$(TARGET_NAME)";
				SWIFT_VERSION = 5.0;
				TARGETED_DEVICE_FAMILY = "1,2";
			};
			name = Debug;
		};
		D6124BF025C12D3200C670C3 /* Release */ = {
			isa = XCBuildConfiguration;
			baseConfigurationReference = 77BFF7DF12315883A7FB21D0 /* Pods-BalinkApp.release.xcconfig */;
			buildSettings = {
				ASSETCATALOG_COMPILER_APPICON_NAME = AppIcon;
				ASSETCATALOG_COMPILER_GLOBAL_ACCENT_COLOR_NAME = AccentColor;
				CODE_SIGN_STYLE = Automatic;
				DEVELOPMENT_TEAM = 3V5PB2ET49;
				INFOPLIST_FILE = BalinkApp/Info.plist;
				LD_RUNPATH_SEARCH_PATHS = (
					"$(inherited)",
					"@executable_path/Frameworks",
				);
				PRODUCT_BUNDLE_IDENTIFIER = "com.Neria-Jerafi.BalinkApp";
				PRODUCT_NAME = "$(TARGET_NAME)";
				SWIFT_VERSION = 5.0;
				TARGETED_DEVICE_FAMILY = "1,2";
			};
			name = Release;
		};
/* End XCBuildConfiguration section */

/* Begin XCConfigurationList section */
		D6124BD225C12D3100C670C3 /* Build configuration list for PBXProject "BalinkApp" */ = {
			isa = XCConfigurationList;
			buildConfigurations = (
				D6124BEC25C12D3200C670C3 /* Debug */,
				D6124BED25C12D3200C670C3 /* Release */,
			);
			defaultConfigurationIsVisible = 0;
			defaultConfigurationName = Release;
		};
		D6124BEE25C12D3200C670C3 /* Build configuration list for PBXNativeTarget "BalinkApp" */ = {
			isa = XCConfigurationList;
			buildConfigurations = (
				D6124BEF25C12D3200C670C3 /* Debug */,
				D6124BF025C12D3200C670C3 /* Release */,
			);
			defaultConfigurationIsVisible = 0;
			defaultConfigurationName = Release;
		};
/* End XCConfigurationList section */

/* Begin XCVersionGroup section */
		D6124BE325C12D3100C670C3 /* BalinkApp.xcdatamodeld */ = {
			isa = XCVersionGroup;
			children = (
				D6124BE425C12D3100C670C3 /* BalinkApp.xcdatamodel */,
			);
			currentVersion = D6124BE425C12D3100C670C3 /* BalinkApp.xcdatamodel */;
			path = BalinkApp.xcdatamodeld;
			sourceTree = "<group>";
			versionGroupType = wrapper.xcdatamodel;
		};
/* End XCVersionGroup section */
	};
	rootObject = D6124BCF25C12D3100C670C3 /* Project object */;
}
